<Solution>
  <Folder Name="/src/">
    <Project Path="src/Imoveis.API/Imoveis.API.csproj" />
    <Project Path="src/Imoveis.Application/Imoveis.Application.csproj" />
    <Project Path="src/Imoveis.Domain/Imoveis.Domain.csproj" />
    <Project Path="src/Imoveis.Infrastructure/Imoveis.Infrastructure.csproj" />
  </Folder>
</Solution>
